
Microsoft Visual Studio Solution File, Format Version 12.00
# Visual Studio 15
VisualStudioVersion = 15.0.27428.1
MinimumVisualStudioVersion = 10.0.40219.1
Project("{FAE04EC0-301F-11D3-BF4B-00C04F79EFBC}") = "digi_faceDetect", "digi_faceDetect\digi_faceDetect.csproj", "{6C2DB9F4-9613-438A-B9F0-907934658E09}"
EndProject
Global
	GlobalSection(SolutionConfigurationPlatforms) = preSolution
		Debug|Any CPU = Debug|Any CPU
		Release|Any CPU = Release|Any CPU
	EndGlobalSection
	GlobalSection(ProjectConfigurationPlatforms) = postSolution
		{6C2DB9F4-9613-438A-B9F0-907934658E09}.Debug|Any CPU.ActiveCfg = Debug|Any CPU
		{6C2DB9F4-9613-438A-B9F0-907934658E09}.Debug|Any CPU.Build.0 = Debug|Any CPU
		{6C2DB9F4-9613-438A-B9F0-907934658E09}.Release|Any CPU.ActiveCfg = Release|Any CPU
		{6C2DB9F4-9613-438A-B9F0-907934658E09}.Release|Any CPU.Build.0 = Release|Any CPU
	EndGlobalSection
	GlobalSection(SolutionProperties) = preSolution
		HideSolutionNode = FALSE
	EndGlobalSection
	GlobalSection(ExtensibilityGlobals) = postSolution
		SolutionGuid = {BC801F34-E843-4757-A2AE-249D63465C5D}
	EndGlobalSection
EndGlobal
